{
  "version": "3",
  "remote": {
    "https://esm.sh/@supabase/supabase-js@2.49.2": "b79fe68d9c5c33c2aedc8f4fd11da191955d946dd5a87eb7d6aca0b4acca9a74"
  },
  "workspace": {
    "packageJson": {
      "dependencies": [
        "npm:@fontsource/dm-sans@^5.2.8",
        "npm:@fontsource/inter@^5.2.8",
        "npm:@fontsource/outfit@^5.2.8",
        "npm:@fontsource/syne@^5.2.7",
        "npm:@fortawesome/fontawesome-free@^7.2.0",
        "npm:@sentry/browser@^10.55.0",
        "npm:@supabase/supabase-js@2.104.1",
        "npm:esbuild@^0.28.0",
        "npm:knip@^6.17.1",
        "npm:rollup-plugin-visualizer@^7.0.1",
        "npm:sharp@^0.35.1",
        "npm:subset-font@^2.5.0",
        "npm:terser@^5.31.0",
        "npm:vite-plugin-pwa@^1.3.0",
        "npm:vite@^8.0.10",
        "npm:workbox-window@^7.4.1"
      ]
    }
  }
}
